<?xml version="1.0" encoding="utf-8"?>
<Project ToolsVersion="4.0" xmlns="http://schemas.microsoft.com/developer/msbuild/2003">
  <ItemGroup>
    <Filter Include="Source Files">
      <UniqueIdentifier>{4FC737F1-C7A5-4376-A066-2A32D752A2FF}</UniqueIdentifier>
      <Extensions>cpp;c;cc;cxx;def;odl;idl;hpj;bat;asm;asmx</Extensions>
    </Filter>
    <Filter Include="Header Files">
      <UniqueIdentifier>{93995380-89BD-4b04-88EB-625FBE52EBFB}</UniqueIdentifier>
      <Extensions>h;hh;hpp;hxx;hm;inl;inc;xsd</Extensions>
    </Filter>
    <Filter Include="Resource Files">
      <UniqueIdentifier>{67DA6AB6-F800-4c08-8B7A-83BB121AAD01}</UniqueIdentifier>
      <Extensions>rc;ico;cur;bmp;dlg;rc2;rct;bin;rgs;gif;jpg;jpeg;jpe;resx;tiff;tif;png;wav;mfcribbon-ms</Extensions>
    </Filter>
    <Filter Include="Header Files\ex">
      <UniqueIdentifier>{c5579348-4f35-418c-aa99-f2cb16fce83e}</UniqueIdentifier>
    </Filter>
    <Filter Include="Header Files\core">
      <UniqueIdentifier>{a42cf91e-41d3-48dc-a2d8-e189272acc8a}</UniqueIdentifier>
    </Filter>
    <Filter Include="Source Files\core">
      <UniqueIdentifier>{ab3398a9-e6eb-4c06-a977-0a415eaa9eab}</UniqueIdentifier>
    </Filter>
    <Filter Include="Header Files\core\cfg">
      <UniqueIdentifier>{a7a0ac79-044d-47a8-aa87-70d035573035}</UniqueIdentifier>
    </Filter>
    <Filter Include="Header Files\core\log">
      <UniqueIdentifier>{177887d6-24f3-480b-ac18-20872c8344ca}</UniqueIdentifier>
    </Filter>
    <Filter Include="Header Files\core\pattern">
      <UniqueIdentifier>{14750688-63b1-48ea-8bcb-e042b8239838}</UniqueIdentifier>
    </Filter>
    <Filter Include="Header Files\core\thread">
      <UniqueIdentifier>{a178e0a3-d681-4de7-a708-e87fbf07d5ed}</UniqueIdentifier>
    </Filter>
    <Filter Include="Source Files\core\cfg">
      <UniqueIdentifier>{0914ee91-08db-4db4-a0a5-3bade74f9dfb}</UniqueIdentifier>
    </Filter>
    <Filter Include="Source Files\core\log">
      <UniqueIdentifier>{69048bfe-6990-4355-8bce-f794dbe52536}</UniqueIdentifier>
    </Filter>
    <Filter Include="Source Files\core\thread">
      <UniqueIdentifier>{e0fc1b61-9ee8-455c-9c31-cf3371c48e30}</UniqueIdentifier>
    </Filter>
    <Filter Include="Header Files\core\stream">
      <UniqueIdentifier>{a79aead9-4b50-4714-8cec-9c85963bf388}</UniqueIdentifier>
    </Filter>
    <Filter Include="Source Files\core\stream">
      <UniqueIdentifier>{c8503aba-b63f-4e23-9c02-bdce7685dd8a}</UniqueIdentifier>
    </Filter>
  </ItemGroup>
  <ItemGroup>
    <ClInclude Include="include\cgate\ex\duplicate.hpp">
      <Filter>Header Files\ex</Filter>
    </ClInclude>
    <ClInclude Include="include\cgate\ex\icontainer.hpp">
      <Filter>Header Files\ex</Filter>
    </ClInclude>
    <ClInclude Include="include\cgate\ex\iexception.hpp">
      <Filter>Header Files\ex</Filter>
    </ClInclude>
    <ClInclude Include="include\cgate\ex\isystem.hpp">
      <Filter>Header Files\ex</Filter>
    </ClInclude>
    <ClInclude Include="include\cgate\ex\not_found.hpp">
      <Filter>Header Files\ex</Filter>
    </ClInclude>
    <ClInclude Include="include\cgate\ex\thread.hpp">
      <Filter>Header Files\ex</Filter>
    </ClInclude>
    <ClInclude Include="include\cgate\ex\mutex.hpp">
      <Filter>Header Files\ex</Filter>
    </ClInclude>
    <ClInclude Include="include\cgate\ex\ithreading.hpp">
      <Filter>Header Files\ex</Filter>
    </ClInclude>
    <ClInclude Include="include\cgate\ex\semaphore.hpp">
      <Filter>Header Files\ex</Filter>
    </ClInclude>
    <ClInclude Include="include\cgate\ex\condition.hpp">
      <Filter>Header Files\ex</Filter>
    </ClInclude>
    <ClInclude Include="include\cgate\cgate.hpp">
      <Filter>Header Files</Filter>
    </ClInclude>
    <ClInclude Include="include\cgate\ex\istream.hpp">
      <Filter>Header Files\ex</Filter>
    </ClInclude>
    <ClInclude Include="include\cgate\ex\stream_open.hpp">
      <Filter>Header Files\ex</Filter>
    </ClInclude>
    <ClInclude Include="include\cgate\ex\stream_read.hpp">
      <Filter>Header Files\ex</Filter>
    </ClInclude>
    <ClInclude Include="include\cgate\ex\stream_write.hpp">
      <Filter>Header Files\ex</Filter>
    </ClInclude>
    <ClInclude Include="include\cgate\core\cfg\config.hpp">
      <Filter>Header Files\core\cfg</Filter>
    </ClInclude>
    <ClInclude Include="include\cgate\core\log\console_logger.hpp">
      <Filter>Header Files\core\log</Filter>
    </ClInclude>
    <ClInclude Include="include\cgate\core\log\file_logger.hpp">
      <Filter>Header Files\core\log</Filter>
    </ClInclude>
    <ClInclude Include="include\cgate\core\log\ilogger.hpp">
      <Filter>Header Files\core\log</Filter>
    </ClInclude>
    <ClInclude Include="include\cgate\core\log\logger_factory.hpp">
      <Filter>Header Files\core\log</Filter>
    </ClInclude>
    <ClInclude Include="include\cgate\core\pattern\ifactory.hpp">
      <Filter>Header Files\core\pattern</Filter>
    </ClInclude>
    <ClInclude Include="include\cgate\core\pattern\imanager.hpp">
      <Filter>Header Files\core\pattern</Filter>
    </ClInclude>
    <ClInclude Include="include\cgate\core\pattern\iobservable.hpp">
      <Filter>Header Files\core\pattern</Filter>
    </ClInclude>
    <ClInclude Include="include\cgate\core\pattern\iobserver.hpp">
      <Filter>Header Files\core\pattern</Filter>
    </ClInclude>
    <ClInclude Include="include\cgate\core\thread\condition.hpp">
      <Filter>Header Files\core\thread</Filter>
    </ClInclude>
    <ClInclude Include="include\cgate\core\thread\irunnable.hpp">
      <Filter>Header Files\core\thread</Filter>
    </ClInclude>
    <ClInclude Include="include\cgate\core\thread\mutex.hpp">
      <Filter>Header Files\core\thread</Filter>
    </ClInclude>
    <ClInclude Include="include\cgate\core\thread\semaphore.hpp">
      <Filter>Header Files\core\thread</Filter>
    </ClInclude>
    <ClInclude Include="include\cgate\core\thread\thread.hpp">
      <Filter>Header Files\core\thread</Filter>
    </ClInclude>
    <ClInclude Include="include\cgate\core\thread\thread_factory.hpp">
      <Filter>Header Files\core\thread</Filter>
    </ClInclude>
    <ClInclude Include="include\cgate\core\strext.hpp">
      <Filter>Header Files\core</Filter>
    </ClInclude>
    <ClInclude Include="include\cgate\core\stream\istream.hpp">
      <Filter>Header Files\core\stream</Filter>
    </ClInclude>
    <ClInclude Include="include\cgate\core\stream\path.hpp">
      <Filter>Header Files\core\stream</Filter>
    </ClInclude>
    <ClInclude Include="include\cgate\core\stream\console_stream.hpp">
      <Filter>Header Files\core\stream</Filter>
    </ClInclude>
    <ClInclude Include="include\cgate\core\stream\file_stream.hpp">
      <Filter>Header Files\core\stream</Filter>
    </ClInclude>
    <ClInclude Include="include\cgate\core\stream\memory_stream.hpp">
      <Filter>Header Files\core\stream</Filter>
    </ClInclude>
    <ClInclude Include="include\cgate\core\stream\stream_seek_type.hpp">
      <Filter>Header Files\core\stream</Filter>
    </ClInclude>
    <ClInclude Include="include\cgate\core\log\log_level.hpp">
      <Filter>Header Files\core\log</Filter>
    </ClInclude>
    <ClInclude Include="include\cgate\core\stream\constant_memory_stream.hpp">
      <Filter>Header Files\core\stream</Filter>
    </ClInclude>
  </ItemGroup>
  <ItemGroup>
    <ClCompile Include="src\core\cfg\config.cpp">
      <Filter>Source Files\core\cfg</Filter>
    </ClCompile>
    <ClCompile Include="src\core\log\console_logger.cpp">
      <Filter>Source Files\core\log</Filter>
    </ClCompile>
    <ClCompile Include="src\core\log\file_logger.cpp">
      <Filter>Source Files\core\log</Filter>
    </ClCompile>
    <ClCompile Include="src\core\log\ilogger.cpp">
      <Filter>Source Files\core\log</Filter>
    </ClCompile>
    <ClCompile Include="src\core\log\logger_factory.cpp">
      <Filter>Source Files\core\log</Filter>
    </ClCompile>
    <ClCompile Include="src\core\thread\condition.cpp">
      <Filter>Source Files\core\thread</Filter>
    </ClCompile>
    <ClCompile Include="src\core\thread\mutex.cpp">
      <Filter>Source Files\core\thread</Filter>
    </ClCompile>
    <ClCompile Include="src\core\thread\semaphore.cpp">
      <Filter>Source Files\core\thread</Filter>
    </ClCompile>
    <ClCompile Include="src\core\thread\thread.cpp">
      <Filter>Source Files\core\thread</Filter>
    </ClCompile>
    <ClCompile Include="src\core\thread\thread_factory.cpp">
      <Filter>Source Files\core\thread</Filter>
    </ClCompile>
    <ClCompile Include="src\core\strext.cpp">
      <Filter>Source Files\core</Filter>
    </ClCompile>
    <ClCompile Include="src\core\stream\istream.cpp">
      <Filter>Source Files\core\stream</Filter>
    </ClCompile>
    <ClCompile Include="src\core\stream\path.cpp">
      <Filter>Source Files\core\stream</Filter>
    </ClCompile>
    <ClCompile Include="src\core\stream\console_stream.cpp">
      <Filter>Source Files\core\stream</Filter>
    </ClCompile>
    <ClCompile Include="src\core\stream\constant_memory_stream.cpp">
      <Filter>Source Files\core\stream</Filter>
    </ClCompile>
    <ClCompile Include="src\core\stream\file_stream.cpp">
      <Filter>Source Files\core\stream</Filter>
    </ClCompile>
    <ClCompile Include="src\core\stream\memory_stream.cpp">
      <Filter>Source Files\core\stream</Filter>
    </ClCompile>
  </ItemGroup>
</Project>